// !$*UTF8*$!
{
	archiveVersion = 1;
	classes = {
	};
	objectVersion = 46;
	objects = {

/* Begin PBXBuildFile section */
		1851124C1CC86A7A00E1DB58 /* AppDelegate.swift in Sources */ = {isa = PBXBuildFile; fileRef = 1851124B1CC86A7A00E1DB58 /* AppDelegate.swift */; };
		1851124E1CC86A7A00E1DB58 /* ViewController.swift in Sources */ = {isa = PBXBuildFile; fileRef = 1851124D1CC86A7A00E1DB58 /* ViewController.swift */; };
		185112511CC86A7A00E1DB58 /* Main.storyboard in Resources */ = {isa = PBXBuildFile; fileRef = 1851124F1CC86A7A00E1DB58 /* Main.storyboard */; };
		185112531CC86A7A00E1DB58 /* Assets.xcassets in Resources */ = {isa = PBXBuildFile; fileRef = 185112521CC86A7A00E1DB58 /* Assets.xcassets */; };
		185112561CC86A7A00E1DB58 /* LaunchScreen.storyboard in Resources */ = {isa = PBXBuildFile; fileRef = 185112541CC86A7A00E1DB58 /* LaunchScreen.storyboard */; };
/* End PBXBuildFile section */

/* Begin PBXFileReference section */
		185112481CC86A7A00E1DB58 /* simple-calc.app */ = {isa = PBXFileReference; explicitFileType = wrapper.application; includeInIndex = 0; path = "simple-calc.app"; sourceTree = BUILT_PRODUCTS_DIR; };
		1851124B1CC86A7A00E1DB58 /* AppDelegate.swift */ = {isa = PBXFileReference; lastKnownFileType = sourcecode.swift; path = AppDelegate.swift; sourceTree = "<group>"; };
		1851124D1CC86A7A00E1DB58 /* ViewController.swift */ = {isa = PBXFileReference; lastKnownFileType = sourcecode.swift; path = ViewController.swift; sourceTree = "<group>"; };
		185112501CC86A7A00E1DB58 /* Base */ = {isa = PBXFileReference; lastKnownFileType = file.storyboard; name = Base; path = Base.lproj/Main.storyboard; sourceTree = "<group>"; };
		185112521CC86A7A00E1DB58 /* Assets.xcassets */ = {isa = PBXFileReference; lastKnownFileType = folder.assetcatalog; path = Assets.xcassets; sourceTree = "<group>"; };
		185112551CC86A7A00E1DB58 /* Base */ = {isa = PBXFileReference; lastKnownFileType = file.storyboard; name = Base; path = Base.lproj/LaunchScreen.storyboard; sourceTree = "<group>"; };
		185112571CC86A7A00E1DB58 /* Info.plist */ = {isa = PBXFileReference; lastKnownFileType = text.plist.xml; path = Info.plist; sourceTree = "<group>"; };
/* End PBXFileReference section */

/* Begin PBXFrameworksBuildPhase section */
		185112451CC86A7A00E1DB58 /* Frameworks */ = {
			isa = PBXFrameworksBuildPhase;
			buildActionMask = 2147483647;
			files = (
			);
			runOnlyForDeploymentPostprocessing = 0;
		};
/* End PBXFrameworksBuildPhase section */

/* Begin PBXGroup section */
		1851123F1CC86A7A00E1DB58 = {
			isa = PBXGroup;
			children = (
				1851124A1CC86A7A00E1DB58 /* simple-calc */,
				185112491CC86A7A00E1DB58 /* Products */,
			);
			sourceTree = "<group>";
		};
		185112491CC86A7A00E1DB58 /* Products */ = {
			isa = PBXGroup;
			children = (
				185112481CC86A7A00E1DB58 /* simple-calc.app */,
			);
			name = Products;
			sourceTree = "<group>";
		};
		1851124A1CC86A7A00E1DB58 /* simple-calc */ = {
			isa = PBXGroup;
			children = (
				1851124B1CC86A7A00E1DB58 /* AppDelegate.swift */,
				1851124D1CC86A7A00E1DB58 /* ViewController.swift */,
				1851124F1CC86A7A00E1DB58 /* Main.storyboard */,
				185112521CC86A7A00E1DB58 /* Assets.xcassets */,
				185112541CC86A7A00E1DB58 /* LaunchScreen.storyboard */,
				185112571CC86A7A00E1DB58 /* Info.plist */,
			);
			path = "simple-calc";
			sourceTree = "<group>";
		};
/* End PBXGroup section */

/* Begin PBXNativeTarget section */
		185112471CC86A7A00E1DB58 /* simple-calc */ = {
			isa = PBXNativeTarget;
			buildConfigurationList = 1851125A1CC86A7A00E1DB58 /* Build configuration list for PBXNativeTarget "simple-calc" */;
			buildPhases = (
				185112441CC86A7A00E1DB58 /* Sources */,
				185112451CC86A7A00E1DB58 /* Frameworks */,
				185112461CC86A7A00E1DB58 /* Resources */,
			);
			buildRules = (
			);
			dependencies = (
			);
			name = "simple-calc";
			productName = "simple-calc";
			productReference = 185112481CC86A7A00E1DB58 /* simple-calc.app */;
			productType = "com.apple.product-type.application";
		};
/* End PBXNativeTarget section */

/* Begin PBXProject section */
		185112401CC86A7A00E1DB58 /* Project object */ = {
			isa = PBXProject;
			attributes = {
				LastSwiftUpdateCheck = 0730;
				LastUpgradeCheck = 0730;
				ORGANIZATIONNAME = Sophie;
				TargetAttributes = {
					185112471CC86A7A00E1DB58 = {
						CreatedOnToolsVersion = 7.3;
						DevelopmentTeam = GAFP928J6V;
					};
				};
			};
			buildConfigurationList = 185112431CC86A7A00E1DB58 /* Build configuration list for PBXProject "simple-calc" */;
			compatibilityVersion = "Xcode 3.2";
			developmentRegion = English;
			hasScannedForEncodings = 0;
			knownRegions = (
				en,
				Base,
			);
			mainGroup = 1851123F1CC86A7A00E1DB58;
			productRefGroup = 185112491CC86A7A00E1DB58 /* Products */;
			projectDirPath = "";
			projectRoot = "";
			targets = (
				185112471CC86A7A00E1DB58 /* simple-calc */,
			);
		};
/* End PBXProject section */

/* Begin PBXResourcesBuildPhase section */
		185112461CC86A7A00E1DB58 /* Resources */ = {
			isa = PBXResourcesBuildPhase;
			buildActionMask = 2147483647;
			files = (
				185112561CC86A7A00E1DB58 /* LaunchScreen.storyboard in Resources */,
				185112531CC86A7A00E1DB58 /* Assets.xcassets in Resources */,
				185112511CC86A7A00E1DB58 /* Main.storyboard in Resources */,
			);
			runOnlyForDeploymentPostprocessing = 0;
		};
/* End PBXResourcesBuildPhase section */

/* Begin PBXSourcesBuildPhase section */
		185112441CC86A7A00E1DB58 /* Sources */ = {
			isa = PBXSourcesBuildPhase;
			buildActionMask = 2147483647;
			files = (
				1851124E1CC86A7A00E1DB58 /* ViewController.swift in Sources */,
				1851124C1CC86A7A00E1DB58 /* AppDelegate.swift in Sources */,
			);
			runOnlyForDeploymentPostprocessing = 0;
		};
/* End PBXSourcesBuildPhase section */

/* Begin PBXVariantGroup section */
		1851124F1CC86A7A00E1DB58 /* Main.storyboard */ = {
			isa = PBXVariantGroup;
			children = (
				185112501CC86A7A00E1DB58 /* Base */,
			);
			name = Main.storyboard;
			sourceTree = "<group>";
		};
		185112541CC86A7A00E1DB58 /* LaunchScreen.storyboard */ = {
			isa = PBXVariantGroup;
			children = (
				185112551CC86A7A00E1DB58 /* Base */,
			);
			name = LaunchScreen.storyboard;
			sourceTree = "<group>";
		};
/* End PBXVariantGroup section */

/* Begin XCBuildConfiguration section */
		185112581CC86A7A00E1DB58 /* Debug */ = {
			isa = XCBuildConfiguration;
			buildSettings = {
				ALWAYS_SEARCH_USER_PATHS = NO;
				CLANG_ANALYZER_NONNULL = YES;
				CLANG_CXX_LANGUAGE_STANDARD = "gnu++0x";
				CLANG_CXX_LIBRARY = "libc++";
				CLANG_ENABLE_MODULES = YES;
				CLANG_ENABLE_OBJC_ARC = YES;
				CLANG_WARN_BOOL_CONVERSION = YES;
				CLANG_WARN_CONSTANT_CONVERSION = YES;
				CLANG_WARN_DIRECT_OBJC_ISA_USAGE = YES_ERROR;
				CLANG_WARN_EMPTY_BODY = YES;
				CLANG_WARN_ENUM_CONVERSION = YES;
				CLANG_WARN_INT_CONVERSION = YES;
				CLANG_WARN_OBJC_ROOT_CLASS = YES_ERROR;
				CLANG_WARN_UNREACHABLE_CODE = YES;
				CLANG_WARN__DUPLICATE_METHOD_MATCH = YES;
				"CODE_SIGN_IDENTITY[sdk=iphoneos*]" = "iPhone Developer";
				COPY_PHASE_STRIP = NO;
				DEBUG_INFORMATION_FORMAT = dwarf;
				ENABLE_STRICT_OBJC_MSGSEND = YES;
				ENABLE_TESTABILITY = YES;
				GCC_C_LANGUAGE_STANDARD = gnu99;
				GCC_DYNAMIC_NO_PIC = NO;
				GCC_NO_COMMON_BLOCKS = YES;
				GCC_OPTIMIZATION_LEVEL = 0;
				GCC_PREPROCESSOR_DEFINITIONS = (
					"DEBUG=1",
					"$(inherited)",
				);
				GCC_WARN_64_TO_32_BIT_CONVERSION = YES;
				GCC_WARN_ABOUT_RETURN_TYPE = YES_ERROR;
				GCC_WARN_UNDECLARED_SELECTOR = YES;
				GCC_WARN_UNINITIALIZED_AUTOS = YES_AGGRESSIVE;
				GCC_WARN_UNUSED_FUNCTION = YES;
				GCC_WARN_UNUSED_VARIABLE = YES;
				IPHONEOS_DEPLOYMENT_TARGET = 9.3;
				MTL_ENABLE_DEBUG_INFO = YES;
				ONLY_ACTIVE_ARCH = YES;
				SDKROOT = iphoneos;
				SWIFT_OPTIMIZATION_LEVEL = "-Onone";
			};
			name = Debug;
		};
		185112591CC86A7A00E1DB58 /* Release */ = {
			isa = XCBuildConfiguration;
			buildSettings = {
				ALWAYS_SEARCH_USER_PATHS = NO;
				CLANG_ANALYZER_NONNULL = YES;
				CLANG_CXX_LANGUAGE_STANDARD = "gnu++0x";
				CLANG_CXX_LIBRARY = "libc++";
				CLANG_ENABLE_MODULES = YES;
				CLANG_ENABLE_OBJC_ARC = YES;
				CLANG_WARN_BOOL_CONVERSION = YES;
				CLANG_WARN_CONSTANT_CONVERSION = YES;
				CLANG_WARN_DIRECT_OBJC_ISA_USAGE = YES_ERROR;
				CLANG_WARN_EMPTY_BODY = YES;
				CLANG_WARN_ENUM_CONVERSION = YES;
				CLANG_WARN_INT_CONVERSION = YES;
				CLANG_WARN_OBJC_ROOT_CLASS = YES_ERROR;
				CLANG_WARN_UNREACHABLE_CODE = YES;
				CLANG_WARN__DUPLICATE_METHOD_MATCH = YES;
				"CODE_SIGN_IDENTITY[sdk=iphoneos*]" = "iPhone Developer";
				COPY_PHASE_STRIP = NO;
				DEBUG_INFORMATION_FORMAT = "dwarf-with-dsym";
				ENABLE_NS_ASSERTIONS = NO;
				ENABLE_STRICT_OBJC_MSGSEND = YES;
				GCC_C_LANGUAGE_STANDARD = gnu99;
				GCC_NO_COMMON_BLOCKS = YES;
				GCC_WARN_64_TO_32_BIT_CONVERSION = YES;
				GCC_WARN_ABOUT_RETURN_TYPE = YES_ERROR;
				GCC_WARN_UNDECLARED_SELECTOR = YES;
				GCC_WARN_UNINITIALIZED_AUTOS = YES_AGGRESSIVE;
				GCC_WARN_UNUSED_FUNCTION = YES;
				GCC_WARN_UNUSED_VARIABLE = YES;
				IPHONEOS_DEPLOYMENT_TARGET = 9.3;
				MTL_ENABLE_DEBUG_INFO = NO;
				SDKROOT = iphoneos;
				VALIDATE_PRODUCT = YES;
			};
			name = Release;
		};
		1851125B1CC86A7A00E1DB58 /* Debug */ = {
			isa = XCBuildConfiguration;
			buildSettings = {
				ASSETCATALOG_COMPILER_APPICON_NAME = AppIcon;
				INFOPLIST_FILE = "simple-calc/Info.plist";
				LD_RUNPATH_SEARCH_PATHS = "$(inherited) @executable_path/Frameworks";
				PRODUCT_BUNDLE_IDENTIFIER = "uw.edu.simple-calc";
				PRODUCT_NAME = "$(TARGET_NAME)";
			};
			name = Debug;
		};
		1851125C1CC86A7A00E1DB58 /* Release */ = {
			isa = XCBuildConfiguration;
			buildSettings = {
				ASSETCATALOG_COMPILER_APPICON_NAME = AppIcon;
				INFOPLIST_FILE = "simple-calc/Info.plist";
				LD_RUNPATH_SEARCH_PATHS = "$(inherited) @executable_path/Frameworks";
				PRODUCT_BUNDLE_IDENTIFIER = "uw.edu.simple-calc";
				PRODUCT_NAME = "$(TARGET_NAME)";
			};
			name = Release;
		};
/* End XCBuildConfiguration section */

/* Begin XCConfigurationList section */
		185112431CC86A7A00E1DB58 /* Build configuration list for PBXProject "simple-calc" */ = {
			isa = XCConfigurationList;
			buildConfigurations = (
				185112581CC86A7A00E1DB58 /* Debug */,
				185112591CC86A7A00E1DB58 /* Release */,
			);
			defaultConfigurationIsVisible = 0;
			defaultConfigurationName = Release;
		};
		1851125A1CC86A7A00E1DB58 /* Build configuration list for PBXNativeTarget "simple-calc" */ = {
			isa = XCConfigurationList;
			buildConfigurations = (
				1851125B1CC86A7A00E1DB58 /* Debug */,
				1851125C1CC86A7A00E1DB58 /* Release */,
			);
			defaultConfigurationIsVisible = 0;
		};
/* End XCConfigurationList section */
	};
	rootObject = 185112401CC86A7A00E1DB58 /* Project object */;
}
